
Microsoft Visual Studio Solution File, Format Version 12.00
# Visual Studio Version 16
VisualStudioVersion = 16.0.29418.71
MinimumVisualStudioVersion = 10.0.40219.1
Project("{9A19103F-16F7-4668-BE54-9A1E7A4F7556}") = "SchoolManagementApp", "SchoolManagementApp\SchoolManagementApp.csproj", "{1FBDB316-1D6D-4800-A28D-7E6FC3737900}"
EndProject
Project("{9A19103F-16F7-4668-BE54-9A1E7A4F7556}") = "SchoolManagementApp.Tests", "SchoolManagementApp.Tests\SchoolManagementApp.Tests.csproj", "{0F8330D7-345B-4A32-8687-E03262471090}"
EndProject
Project("{FAE04EC0-301F-11D3-BF4B-00C04F79EFBC}") = "StudentProcessor", "StudentProcessor\StudentProcessor.csproj", "{DC039408-22F3-4313-895E-6CC84802C35C}"
EndProject
Global
	GlobalSection(SolutionConfigurationPlatforms) = preSolution
		Debug|Any CPU = Debug|Any CPU
		Release|Any CPU = Release|Any CPU
	EndGlobalSection
	GlobalSection(ProjectConfigurationPlatforms) = postSolution
		{1FBDB316-1D6D-4800-A28D-7E6FC3737900}.Debug|Any CPU.ActiveCfg = Debug|Any CPU
		{1FBDB316-1D6D-4800-A28D-7E6FC3737900}.Debug|Any CPU.Build.0 = Debug|Any CPU
		{1FBDB316-1D6D-4800-A28D-7E6FC3737900}.Release|Any CPU.ActiveCfg = Release|Any CPU
		{1FBDB316-1D6D-4800-A28D-7E6FC3737900}.Release|Any CPU.Build.0 = Release|Any CPU
		{0F8330D7-345B-4A32-8687-E03262471090}.Debug|Any CPU.ActiveCfg = Debug|Any CPU
		{0F8330D7-345B-4A32-8687-E03262471090}.Debug|Any CPU.Build.0 = Debug|Any CPU
		{0F8330D7-345B-4A32-8687-E03262471090}.Release|Any CPU.ActiveCfg = Release|Any CPU
		{0F8330D7-345B-4A32-8687-E03262471090}.Release|Any CPU.Build.0 = Release|Any CPU
		{DC039408-22F3-4313-895E-6CC84802C35C}.Debug|Any CPU.ActiveCfg = Debug|Any CPU
		{DC039408-22F3-4313-895E-6CC84802C35C}.Debug|Any CPU.Build.0 = Debug|Any CPU
		{DC039408-22F3-4313-895E-6CC84802C35C}.Release|Any CPU.ActiveCfg = Release|Any CPU
		{DC039408-22F3-4313-895E-6CC84802C35C}.Release|Any CPU.Build.0 = Release|Any CPU
	EndGlobalSection
	GlobalSection(SolutionProperties) = preSolution
		HideSolutionNode = FALSE
	EndGlobalSection
	GlobalSection(ExtensibilityGlobals) = postSolution
		SolutionGuid = {18226222-AC4F-4988-B351-C16B8D70E5F7}
	EndGlobalSection
EndGlobal
